<?xml version="1.0" encoding="utf-8"?>
<Project ToolsVersion="4.0" xmlns="http://schemas.microsoft.com/developer/msbuild/2003">
  <ItemGroup>
    <Filter Include="Source Files">
      <UniqueIdentifier>{4FC737F1-C7A5-4376-A066-2A32D752A2FF}</UniqueIdentifier>
      <Extensions>cpp;c;cc;cxx;c++;cppm;ixx;def;odl;idl;hpj;bat;asm;asmx</Extensions>
    </Filter>
    <Filter Include="Header Files">
      <UniqueIdentifier>{93995380-89BD-4b04-88EB-625FBE52EBFB}</UniqueIdentifier>
      <Extensions>h;hh;hpp;hxx;h++;hm;inl;inc;ipp;xsd</Extensions>
    </Filter>
    <Filter Include="Resource Files">
      <UniqueIdentifier>{67DA6AB6-F800-4c08-8B7A-83BB121AAD01}</UniqueIdentifier>
      <Extensions>rc;ico;cur;bmp;dlg;rc2;rct;bin;rgs;gif;jpg;jpeg;jpe;resx;tiff;tif;png;wav;mfcribbon-ms</Extensions>
    </Filter>
    <Filter Include="Header Files\Engine">
      <UniqueIdentifier>{7e0ed8bf-acca-447a-b0c9-756f56a8bfe5}</UniqueIdentifier>
    </Filter>
    <Filter Include="Header Files\Engine\Terrain">
      <UniqueIdentifier>{a3bcdef5-df79-45e0-80fa-256250161721}</UniqueIdentifier>
    </Filter>
    <Filter Include="Header Files\Math">
      <UniqueIdentifier>{a5f7a3b0-5b21-42de-b5b6-cd08dbb3c82c}</UniqueIdentifier>
    </Filter>
    <Filter Include="Source Files\Engine">
      <UniqueIdentifier>{abdc49b7-2108-42ab-82e4-7a5596dd1ef0}</UniqueIdentifier>
    </Filter>
    <Filter Include="Source Files\Engine\Terrain">
      <UniqueIdentifier>{eb2659aa-36cf-44c9-a546-73999195fb9f}</UniqueIdentifier>
    </Filter>
    <Filter Include="Header Files\Views">
      <UniqueIdentifier>{54ab7f51-121d-49b2-afe1-00b61594a8bc}</UniqueIdentifier>
    </Filter>
    <Filter Include="Source Files\Views">
      <UniqueIdentifier>{17f154e0-f804-4d0c-a857-e9ac3235e005}</UniqueIdentifier>
    </Filter>
    <Filter Include="Source Files\Math">
      <UniqueIdentifier>{eb6ac3ce-937b-47ec-9f8b-e85750bad3b5}</UniqueIdentifier>
    </Filter>
    <Filter Include="Header Files\Utils">
      <UniqueIdentifier>{716ba375-8066-47b4-9f4d-439bd5721008}</UniqueIdentifier>
    </Filter>
    <Filter Include="Source Files\Utils">
      <UniqueIdentifier>{2f84bb04-d5b4-497e-9ee7-ea6bc9dc086f}</UniqueIdentifier>
    </Filter>
    <Filter Include="Source Files\Engine\Objects">
      <UniqueIdentifier>{ad447301-8ce5-47ca-b07f-8d25b4d1741b}</UniqueIdentifier>
    </Filter>
    <Filter Include="Resource Files\Levels">
      <UniqueIdentifier>{0b5e6b47-eed6-416d-849b-6d53bcf225f3}</UniqueIdentifier>
    </Filter>
    <Filter Include="Header Files\Engine\Entities">
      <UniqueIdentifier>{f9630357-4e0e-4335-8fd5-197bff218ae6}</UniqueIdentifier>
    </Filter>
    <Filter Include="Source Files\Engine\Entities">
      <UniqueIdentifier>{f1697e50-8457-4005-91db-824ef2dc8b06}</UniqueIdentifier>
    </Filter>
    <Filter Include="Source Files\Views\Debug">
      <UniqueIdentifier>{288a622b-32ea-48d5-b549-f8d54243776c}</UniqueIdentifier>
    </Filter>
    <Filter Include="Header Files\Views\Debug">
      <UniqueIdentifier>{2118fb18-c1b6-43cd-9a0a-3b8251c32313}</UniqueIdentifier>
    </Filter>
    <Filter Include="Header Files\Engine\Entities\Objects">
      <UniqueIdentifier>{fc4c1a21-33c9-4312-9cf3-a0111224316b}</UniqueIdentifier>
    </Filter>
    <Filter Include="Header Files\Engine\Entities\Objects\Interfaces">
      <UniqueIdentifier>{8a9dd853-e8c9-4eb5-8120-4fb2d3fc0234}</UniqueIdentifier>
    </Filter>
  </ItemGroup>
  <ItemGroup>
    <ClInclude Include="Terrain.h">
      <Filter>Header Files\Engine\Terrain</Filter>
    </ClInclude>
    <ClInclude Include="TerrainTile.h">
      <Filter>Header Files\Engine\Terrain</Filter>
    </ClInclude>
    <ClInclude Include="Vector2.h">
      <Filter>Header Files\Math</Filter>
    </ClInclude>
    <ClInclude Include="Vector2i.h">
      <Filter>Header Files\Math</Filter>
    </ClInclude>
    <ClInclude Include="TerrainView.h">
      <Filter>Header Files\Views</Filter>
    </ClInclude>
    <ClInclude Include="ResourceManager.h">
      <Filter>Header Files\Views</Filter>
    </ClInclude>
    <ClInclude Include="Random.h">
      <Filter>Header Files\Math</Filter>
    </ClInclude>
    <ClInclude Include="Math.h">
      <Filter>Header Files\Math</Filter>
    </ClInclude>
    <ClInclude Include="InputManager.h">
      <Filter>Header Files\Utils</Filter>
    </ClInclude>
    <ClInclude Include="Time.h">
      <Filter>Header Files\Utils</Filter>
    </ClInclude>
    <ClInclude Include="Event.h">
      <Filter>Header Files\Utils</Filter>
    </ClInclude>
    <ClInclude Include="EngineHandler.h">
      <Filter>Header Files\Engine</Filter>
    </ClInclude>
    <ClInclude Include="GameObject.h">
      <Filter>Header Files\Engine\Entities\Objects</Filter>
    </ClInclude>
    <ClInclude Include="AnimatedSprite.h">
      <Filter>Header Files\Views</Filter>
    </ClInclude>
    <ClInclude Include="Timer.h">
      <Filter>Header Files\Utils</Filter>
    </ClInclude>
    <ClInclude Include="Sprite.h">
      <Filter>Header Files\Views</Filter>
    </ClInclude>
    <ClInclude Include="Path.h">
      <Filter>Header Files\Engine\Terrain</Filter>
    </ClInclude>
    <ClInclude Include="String.h">
      <Filter>Header Files\Utils</Filter>
    </ClInclude>
    <ClInclude Include="Direction.h">
      <Filter>Header Files\Engine\Terrain</Filter>
    </ClInclude>
    <ClInclude Include="Enemy.h">
      <Filter>Header Files\Engine\Entities</Filter>
    </ClInclude>
    <ClInclude Include="ITransform.h">
      <Filter>Header Files\Engine\Entities\Objects\Interfaces</Filter>
    </ClInclude>
    <ClInclude Include="TickSystem.h">
      <Filter>Header Files\Utils</Filter>
    </ClInclude>
    <ClInclude Include="Cursor.h">
      <Filter>Header Files\Views</Filter>
    </ClInclude>
    <ClInclude Include="Transform.h">
      <Filter>Header Files\Engine\Entities\Objects</Filter>
    </ClInclude>
    <ClInclude Include="HealthBar.h">
      <Filter>Header Files\Engine\Entities</Filter>
    </ClInclude>
    <ClInclude Include="FpsCounter.h">
      <Filter>Header Files\Views\Debug</Filter>
    </ClInclude>
    <ClInclude Include="FrameTime.h">
      <Filter>Header Files\Views\Debug</Filter>
    </ClInclude>
    <ClInclude Include="Colors.h">
      <Filter>Header Files\Utils</Filter>
    </ClInclude>
    <ClInclude Include="Castle.h">
      <Filter>Header Files\Engine\Entities</Filter>
    </ClInclude>
  </ItemGroup>
  <ItemGroup>
    <ClCompile Include="Main.cpp">
      <Filter>Source Files</Filter>
    </ClCompile>
    <ClCompile Include="Terrain.cpp">
      <Filter>Source Files\Engine\Terrain</Filter>
    </ClCompile>
    <ClCompile Include="TerrainTile.cpp">
      <Filter>Source Files\Engine\Terrain</Filter>
    </ClCompile>
    <ClCompile Include="ResourceManager.cpp">
      <Filter>Source Files\Views</Filter>
    </ClCompile>
    <ClCompile Include="TerrainView.cpp">
      <Filter>Source Files\Views</Filter>
    </ClCompile>
    <ClCompile Include="Random.cpp">
      <Filter>Source Files\Math</Filter>
    </ClCompile>
    <ClCompile Include="Math.cpp">
      <Filter>Source Files\Math</Filter>
    </ClCompile>
    <ClCompile Include="InputManager.cpp">
      <Filter>Source Files\Utils</Filter>
    </ClCompile>
    <ClCompile Include="Time.cpp">
      <Filter>Source Files\Utils</Filter>
    </ClCompile>
    <ClCompile Include="EngineHandler.cpp">
      <Filter>Source Files\Engine</Filter>
    </ClCompile>
    <ClCompile Include="AnimatedSprite.cpp">
      <Filter>Source Files\Views</Filter>
    </ClCompile>
    <ClCompile Include="GameObject.cpp">
      <Filter>Source Files\Engine\Objects</Filter>
    </ClCompile>
    <ClCompile Include="Timer.cpp">
      <Filter>Source Files\Utils</Filter>
    </ClCompile>
    <ClCompile Include="Sprite.cpp">
      <Filter>Source Files\Views</Filter>
    </ClCompile>
    <ClCompile Include="String.cpp">
      <Filter>Source Files\Utils</Filter>
    </ClCompile>
    <ClCompile Include="Direction.cpp">
      <Filter>Source Files\Engine\Terrain</Filter>
    </ClCompile>
    <ClCompile Include="Path.cpp">
      <Filter>Source Files\Engine\Terrain</Filter>
    </ClCompile>
    <ClCompile Include="Enemy.cpp">
      <Filter>Source Files\Engine\Entities</Filter>
    </ClCompile>
    <ClCompile Include="TickSystem.cpp">
      <Filter>Source Files\Views</Filter>
    </ClCompile>
    <ClCompile Include="Transform.cpp">
      <Filter>Source Files\Engine\Objects</Filter>
    </ClCompile>
    <ClCompile Include="HealthBar.cpp">
      <Filter>Source Files\Engine\Entities</Filter>
    </ClCompile>
    <ClCompile Include="FpsCounter.cpp">
      <Filter>Source Files\Views\Debug</Filter>
    </ClCompile>
    <ClCompile Include="FrameTime.cpp">
      <Filter>Source Files\Views\Debug</Filter>
    </ClCompile>
    <ClCompile Include="Colors.cpp">
      <Filter>Source Files\Utils</Filter>
    </ClCompile>
    <ClCompile Include="Castle.cpp">
      <Filter>Source Files\Engine\Entities</Filter>
    </ClCompile>
  </ItemGroup>
  <ItemGroup>
    <Text Include="Assets\Terrains\easy.txt">
      <Filter>Resource Files\Levels</Filter>
    </Text>
    <Text Include="Assets\Terrains\normal.txt">
      <Filter>Resource Files\Levels</Filter>
    </Text>
    <Text Include="Assets\Terrains\hard.txt">
      <Filter>Resource Files\Levels</Filter>
    </Text>
  </ItemGroup>
</Project>